Microsoft Visual Studio Solution File, Format Version 12.00
# Visual Studio Version 17
VisualStudioVersion = 17.13.35913.81
MinimumVisualStudioVersion = 10.0.40219.1
Project("{FAE04EC0-301F-11D3-BF4B-00C04F79EFBC}") = "Proyecto Valor Ant", "Proyecto Valor Ant\Proyecto Valor Ant.csproj", "{BD908A4D-9AF4-4C4B-84F6-76018FA38176}"
EndProject
Global
	GlobalSection(SolutionConfigurationPlatforms) = preSolution
		Debug|Any CPU = Debug|Any CPU
		Release|Any CPU = Release|Any CPU
	EndGlobalSection
	GlobalSection(ProjectConfigurationPlatforms) = postSolution
		{BD908A4D-9AF4-4C4B-84F6-76018FA38176}.Debug|Any CPU.ActiveCfg = Debug|Any CPU
		{BD908A4D-9AF4-4C4B-84F6-76018FA38176}.Debug|Any CPU.Build.0 = Debug|Any CPU
		{BD908A4D-9AF4-4C4B-84F6-76018FA38176}.Release|Any CPU.ActiveCfg = Release|Any CPU
		{BD908A4D-9AF4-4C4B-84F6-76018FA38176}.Release|Any CPU.Build.0 = Release|Any CPU
	EndGlobalSection
	GlobalSection(SolutionProperties) = preSolution
		HideSolutionNode = FALSE
	EndGlobalSection
	GlobalSection(ExtensibilityGlobals) = postSolution
		SolutionGuid = {2FDDEC29-9418-4EA0-96CA-7804FFE3858D}
	EndGlobalSection
EndGlobal
